{
  "name": "trackr",
  "version": "0.1.0",
  "lockfileVersion": 3,
  "requires": true,
  "packages": {
    "": {
      "name": "trackr",
      "version": "0.1.0",
      "license": "MIT",
      "devDependencies": {
        "@coledtaylor/helm-plugin-sdk": "^1.3.0",
        "@types/node": "^24.10.0",
        "typescript": "^5.9.3"
      },
      "engines": {
        "node": ">=22.13"
      }
    },
    "node_modules/@coledtaylor/helm-plugin-sdk": {
      "version": "1.3.0",
      "resolved": "https://registry.npmjs.org/@coledtaylor/helm-plugin-sdk/-/helm-plugin-sdk-1.3.0.tgz",
      "integrity": "sha512-u3/ORF+AjGEc4Fscm8hw8yV2TfJarRijIyT1CxWlDeEAz68nr7Kh2Q6KmTzWDWArUd2UJ8gdTTrfCCsy9bVHdg==",
      "dev": true,
      "license": "MIT",
      "bin": {
        "helm-plugin": "bin/helm-plugin.mjs"
      },
      "engines": {
        "node": ">=22"
      },
      "peerDependencies": {
        "react": ">=18",
        "vue": ">=3.3"
      },
      "peerDependenciesMeta": {
        "react": {
          "optional": true
        },
        "vue": {
          "optional": true
        }
      }
    },
    "node_modules/@types/node": {
      "version": "24.19.1",
      "resolved": "https://registry.npmjs.org/@types/node/-/node-24.19.1.tgz",
      "integrity": "sha512-aS3/DG0oM05K0RIXXP+hKjinGG5IgSSVGzswZxW3O0sS3pH4/fycXundUC9XsszgKCk4gHXylTEK6hyFxVxnoQ==",
      "dev": true,
      "license": "MIT",
      "dependencies": {
        "undici-types": ">=7.24.0 <7.24.7"
      }
    },
    "node_modules/typescript": {
      "version": "5.9.3",
      "resolved": "https://registry.npmjs.org/typescript/-/typescript-5.9.3.tgz",
      "integrity": "sha512-jl1vZzPDinLr9eUt3J/t7V6FgNEw9QjvBPdysz9KfQDD41fQrC2Y4vKQdiaUpFT4bXlb1RHhLpp8wtm6M5TgSw==",
      "dev": true,
      "license": "Apache-2.0",
      "bin": {
        "tsc": "bin/tsc",
        "tsserver": "bin/tsserver"
      },
      "engines": {
        "node": ">=14.17"
      }
    },
    "node_modules/undici-types": {
      "version": "7.24.6",
      "resolved": "https://registry.npmjs.org/undici-types/-/undici-types-7.24.6.tgz",
      "integrity": "sha512-WRNW+sJgj5OBN4/0JpHFqtqzhpbnV0GuB+OozA9gCL7a993SmU+1JBZCzLNxYsbMfIeDL+lTsphD5jN5N+n0zg==",
      "dev": true,
      "license": "MIT"
    }
  }
}
